
Microsoft Visual Studio Solution File, Format Version 12.00
# Visual Studio Version 17
VisualStudioVersion = 17.6.33815.320
MinimumVisualStudioVersion = 10.0.40219.1
Project("{FAE04EC0-301F-11D3-BF4B-00C04F79EFBC}") = "ConAppDelegatesAssignment19_Part2", "ConAppDelegatesAssignment19_Part2\ConAppDelegatesAssignment19_Part2.csproj", "{D196EEA7-1F9F-44F7-9F3B-990C782C3A49}"
EndProject
Global
	GlobalSection(SolutionConfigurationPlatforms) = preSolution
		Debug|Any CPU = Debug|Any CPU
		Release|Any CPU = Release|Any CPU
	EndGlobalSection
	GlobalSection(ProjectConfigurationPlatforms) = postSolution
		{D196EEA7-1F9F-44F7-9F3B-990C782C3A49}.Debug|Any CPU.ActiveCfg = Debug|Any CPU
		{D196EEA7-1F9F-44F7-9F3B-990C782C3A49}.Debug|Any CPU.Build.0 = Debug|Any CPU
		{D196EEA7-1F9F-44F7-9F3B-990C782C3A49}.Release|Any CPU.ActiveCfg = Release|Any CPU
		{D196EEA7-1F9F-44F7-9F3B-990C782C3A49}.Release|Any CPU.Build.0 = Release|Any CPU
	EndGlobalSection
	GlobalSection(SolutionProperties) = preSolution
		HideSolutionNode = FALSE
	EndGlobalSection
	GlobalSection(ExtensibilityGlobals) = postSolution
		SolutionGuid = {1973900E-C67D-4896-AAC5-72BF5CC69110}
	EndGlobalSection
EndGlobal
